
Microsoft Visual Studio Solution File, Format Version 12.00
# Visual Studio 15
VisualStudioVersion = 15.0.27703.2047
MinimumVisualStudioVersion = 10.0.40219.1
Project("{9A19103F-16F7-4668-BE54-9A1E7A4F7556}") = "NewRelicPlugin.RestApi", "NewRelicPlugin.RestApi\NewRelicPlugin.RestApi.csproj", "{8C8130F1-0DEB-45BE-9259-9DC5C6F26B1F}"
EndProject
Project("{9A19103F-16F7-4668-BE54-9A1E7A4F7556}") = "NewRelicPlugin.RestApi.Tests", "NewRelicPlugin.RestApi.Tests\NewRelicPlugin.RestApi.Tests.csproj", "{6AAD10F1-B267-41C2-894E-0C0D62D4F7C0}"
EndProject
Global
	GlobalSection(SolutionConfigurationPlatforms) = preSolution
		Debug|Any CPU = Debug|Any CPU
		Release|Any CPU = Release|Any CPU
	EndGlobalSection
	GlobalSection(ProjectConfigurationPlatforms) = postSolution
		{8C8130F1-0DEB-45BE-9259-9DC5C6F26B1F}.Debug|Any CPU.ActiveCfg = Debug|Any CPU
		{8C8130F1-0DEB-45BE-9259-9DC5C6F26B1F}.Debug|Any CPU.Build.0 = Debug|Any CPU
		{8C8130F1-0DEB-45BE-9259-9DC5C6F26B1F}.Release|Any CPU.ActiveCfg = Release|Any CPU
		{8C8130F1-0DEB-45BE-9259-9DC5C6F26B1F}.Release|Any CPU.Build.0 = Release|Any CPU
		{6AAD10F1-B267-41C2-894E-0C0D62D4F7C0}.Debug|Any CPU.ActiveCfg = Debug|Any CPU
		{6AAD10F1-B267-41C2-894E-0C0D62D4F7C0}.Debug|Any CPU.Build.0 = Debug|Any CPU
		{6AAD10F1-B267-41C2-894E-0C0D62D4F7C0}.Release|Any CPU.ActiveCfg = Release|Any CPU
		{6AAD10F1-B267-41C2-894E-0C0D62D4F7C0}.Release|Any CPU.Build.0 = Release|Any CPU
	EndGlobalSection
	GlobalSection(SolutionProperties) = preSolution
		HideSolutionNode = FALSE
	EndGlobalSection
	GlobalSection(ExtensibilityGlobals) = postSolution
		SolutionGuid = {6F7BEFCC-4F01-4DE7-BA70-D3AA778E6870}
	EndGlobalSection
EndGlobal
